
Microsoft Visual Studio Solution File, Format Version 12.00
# Visual Studio Version 17
VisualStudioVersion = 17.9.34723.18
MinimumVisualStudioVersion = 10.0.40219.1
Project("{FAE04EC0-301F-11D3-BF4B-00C04F79EFBC}") = "CarDealer.Core", "CarDealer.Core\CarDealer.Core.csproj", "{F2E790DE-D7CA-4EA9-9183-A7D539820EDF}"
EndProject
Project("{FAE04EC0-301F-11D3-BF4B-00C04F79EFBC}") = "CarDealer.Data", "CarDealer.Data\CarDealer.Data.csproj", "{2036C7FC-3C96-4D6A-BCF7-C7D1081A9764}"
EndProject
Project("{FAE04EC0-301F-11D3-BF4B-00C04F79EFBC}") = "CarDealer.Entity", "CarDealer.Entity\CarDealer.Entity.csproj", "{75EC0179-B1AF-4DAE-A08E-788144A6FC67}"
EndProject
Project("{FAE04EC0-301F-11D3-BF4B-00C04F79EFBC}") = "CarDealer.Service", "CarDealer.Service\CarDealer.Service.csproj", "{4EAE40D4-ADB0-43F1-AFC8-88E6F857067F}"
EndProject
Project("{FAE04EC0-301F-11D3-BF4B-00C04F79EFBC}") = "CarDealer.Web", "CarDealer.Web\CarDealer.Web.csproj", "{690022E6-FCF5-47DD-BA02-4B3F0F01A0EE}"
EndProject
Global
	GlobalSection(SolutionConfigurationPlatforms) = preSolution
		Debug|Any CPU = Debug|Any CPU
		Release|Any CPU = Release|Any CPU
	EndGlobalSection
	GlobalSection(ProjectConfigurationPlatforms) = postSolution
		{F2E790DE-D7CA-4EA9-9183-A7D539820EDF}.Debug|Any CPU.ActiveCfg = Debug|Any CPU
		{F2E790DE-D7CA-4EA9-9183-A7D539820EDF}.Debug|Any CPU.Build.0 = Debug|Any CPU
		{F2E790DE-D7CA-4EA9-9183-A7D539820EDF}.Release|Any CPU.ActiveCfg = Release|Any CPU
		{F2E790DE-D7CA-4EA9-9183-A7D539820EDF}.Release|Any CPU.Build.0 = Release|Any CPU
		{2036C7FC-3C96-4D6A-BCF7-C7D1081A9764}.Debug|Any CPU.ActiveCfg = Debug|Any CPU
		{2036C7FC-3C96-4D6A-BCF7-C7D1081A9764}.Debug|Any CPU.Build.0 = Debug|Any CPU
		{2036C7FC-3C96-4D6A-BCF7-C7D1081A9764}.Release|Any CPU.ActiveCfg = Release|Any CPU
		{2036C7FC-3C96-4D6A-BCF7-C7D1081A9764}.Release|Any CPU.Build.0 = Release|Any CPU
		{75EC0179-B1AF-4DAE-A08E-788144A6FC67}.Debug|Any CPU.ActiveCfg = Debug|Any CPU
		{75EC0179-B1AF-4DAE-A08E-788144A6FC67}.Debug|Any CPU.Build.0 = Debug|Any CPU
		{75EC0179-B1AF-4DAE-A08E-788144A6FC67}.Release|Any CPU.ActiveCfg = Release|Any CPU
		{75EC0179-B1AF-4DAE-A08E-788144A6FC67}.Release|Any CPU.Build.0 = Release|Any CPU
		{4EAE40D4-ADB0-43F1-AFC8-88E6F857067F}.Debug|Any CPU.ActiveCfg = Debug|Any CPU
		{4EAE40D4-ADB0-43F1-AFC8-88E6F857067F}.Debug|Any CPU.Build.0 = Debug|Any CPU
		{4EAE40D4-ADB0-43F1-AFC8-88E6F857067F}.Release|Any CPU.ActiveCfg = Release|Any CPU
		{4EAE40D4-ADB0-43F1-AFC8-88E6F857067F}.Release|Any CPU.Build.0 = Release|Any CPU
		{690022E6-FCF5-47DD-BA02-4B3F0F01A0EE}.Debug|Any CPU.ActiveCfg = Debug|Any CPU
		{690022E6-FCF5-47DD-BA02-4B3F0F01A0EE}.Debug|Any CPU.Build.0 = Debug|Any CPU
		{690022E6-FCF5-47DD-BA02-4B3F0F01A0EE}.Release|Any CPU.ActiveCfg = Release|Any CPU
		{690022E6-FCF5-47DD-BA02-4B3F0F01A0EE}.Release|Any CPU.Build.0 = Release|Any CPU
	EndGlobalSection
	GlobalSection(SolutionProperties) = preSolution
		HideSolutionNode = FALSE
	EndGlobalSection
	GlobalSection(ExtensibilityGlobals) = postSolution
		SolutionGuid = {27FEC2D5-DD7B-44AB-96DE-0C421183DBC9}
	EndGlobalSection
EndGlobal
